
Microsoft Visual Studio Solution File, Format Version 12.00
# Visual Studio Version 17
VisualStudioVersion = 17.10.35027.167
MinimumVisualStudioVersion = 10.0.40219.1
Project("{FAE04EC0-301F-11D3-BF4B-00C04F79EFBC}") = "DrawingPad", "DrawingPad\DrawingPad.csproj", "{8570CDE8-121A-4565-95E0-EA03FFADCA08}"
EndProject
Global
	GlobalSection(SolutionConfigurationPlatforms) = preSolution
		Debug|Any CPU = Debug|Any CPU
		Release|Any CPU = Release|Any CPU
	EndGlobalSection
	GlobalSection(ProjectConfigurationPlatforms) = postSolution
		{8570CDE8-121A-4565-95E0-EA03FFADCA08}.Debug|Any CPU.ActiveCfg = Debug|Any CPU
		{8570CDE8-121A-4565-95E0-EA03FFADCA08}.Debug|Any CPU.Build.0 = Debug|Any CPU
		{8570CDE8-121A-4565-95E0-EA03FFADCA08}.Release|Any CPU.ActiveCfg = Release|Any CPU
		{8570CDE8-121A-4565-95E0-EA03FFADCA08}.Release|Any CPU.Build.0 = Release|Any CPU
	EndGlobalSection
	GlobalSection(SolutionProperties) = preSolution
		HideSolutionNode = FALSE
	EndGlobalSection
	GlobalSection(ExtensibilityGlobals) = postSolution
		SolutionGuid = {D89DB03A-D064-477C-8B95-652969209D42}
	EndGlobalSection
EndGlobal
